
Microsoft Visual Studio Solution File, Format Version 12.00
# Visual Studio Version 17
VisualStudioVersion = 17.0.31903.59
MinimumVisualStudioVersion = 10.0.40219.1
Project("{2150E333-8FDC-42A3-9474-1A3956D46DE8}") = "src", "src", "{DD439A6D-3F5C-418C-AC54-FCAE91F44B98}"
EndProject
Project("{FAE04EC0-301F-11D3-BF4B-00C04F79EFBC}") = "AgentDmsAdmin.Data", "src\AgentDmsAdmin.Data\AgentDmsAdmin.Data.csproj", "{721D5A4A-A29C-494D-8D1D-FD15A74BAA6C}"
EndProject
Project("{FAE04EC0-301F-11D3-BF4B-00C04F79EFBC}") = "AgentDmsAdmin.Api", "src\AgentDmsAdmin.Api\AgentDmsAdmin.Api.csproj", "{A55BBE04-EC32-4391-AD4C-0AB184BC8CDA}"
EndProject
Global
	GlobalSection(SolutionConfigurationPlatforms) = preSolution
		Debug|Any CPU = Debug|Any CPU
		Release|Any CPU = Release|Any CPU
	EndGlobalSection
	GlobalSection(SolutionProperties) = preSolution
		HideSolutionNode = FALSE
	EndGlobalSection
	GlobalSection(ProjectConfigurationPlatforms) = postSolution
		{721D5A4A-A29C-494D-8D1D-FD15A74BAA6C}.Debug|Any CPU.ActiveCfg = Debug|Any CPU
		{721D5A4A-A29C-494D-8D1D-FD15A74BAA6C}.Debug|Any CPU.Build.0 = Debug|Any CPU
		{721D5A4A-A29C-494D-8D1D-FD15A74BAA6C}.Release|Any CPU.ActiveCfg = Release|Any CPU
		{721D5A4A-A29C-494D-8D1D-FD15A74BAA6C}.Release|Any CPU.Build.0 = Release|Any CPU
		{A55BBE04-EC32-4391-AD4C-0AB184BC8CDA}.Debug|Any CPU.ActiveCfg = Debug|Any CPU
		{A55BBE04-EC32-4391-AD4C-0AB184BC8CDA}.Debug|Any CPU.Build.0 = Debug|Any CPU
		{A55BBE04-EC32-4391-AD4C-0AB184BC8CDA}.Release|Any CPU.ActiveCfg = Release|Any CPU
		{A55BBE04-EC32-4391-AD4C-0AB184BC8CDA}.Release|Any CPU.Build.0 = Release|Any CPU
	EndGlobalSection
	GlobalSection(NestedProjects) = preSolution
		{721D5A4A-A29C-494D-8D1D-FD15A74BAA6C} = {DD439A6D-3F5C-418C-AC54-FCAE91F44B98}
		{A55BBE04-EC32-4391-AD4C-0AB184BC8CDA} = {DD439A6D-3F5C-418C-AC54-FCAE91F44B98}
	EndGlobalSection
EndGlobal
